
Microsoft Visual Studio Solution File, Format Version 12.00
# Visual Studio 15
VisualStudioVersion = 15.0.28307.852
MinimumVisualStudioVersion = 10.0.40219.1
Project("{2150E333-8FDC-42A3-9474-1A3956D46DE8}") = "UnitTests", "UnitTests", "{ED9244DE-9652-4673-AFB8-CBA94AAC0AE3}"
EndProject
Project("{2150E333-8FDC-42A3-9474-1A3956D46DE8}") = "VGP242", "VGP242", "{E86A631D-0371-4FD8-BEC7-5ECE7E455D40}"
EndProject
Project("{2150E333-8FDC-42A3-9474-1A3956D46DE8}") = "Framework", "Framework", "{3834B0F1-0103-4F14-BF07-274B2F6630E6}"
EndProject
Project("{2150E333-8FDC-42A3-9474-1A3956D46DE8}") = "Engine", "Engine", "{74E989C9-9B83-49E6-85E2-32D8DB7311C6}"
EndProject
Project("{8BC9CEB8-8B4A-11D0-8D11-00A0C91BC942}") = "Core", "Framework\Core\Core.vcxproj", "{D7549F93-D326-4044-A266-885184E97198}"
EndProject
Project("{8BC9CEB8-8B4A-11D0-8D11-00A0C91BC942}") = "Math", "Framework\Math\Math.vcxproj", "{98C6EECD-ED38-49BA-879D-00B960D5985D}"
EndProject
Project("{8BC9CEB8-8B4A-11D0-8D11-00A0C91BC942}") = "MathTest", "UnitTests\MathTest\MathTest.vcxproj", "{48F9D4D1-6AA2-4D34-B432-5497CF24E28C}"
EndProject
Project("{8BC9CEB8-8B4A-11D0-8D11-00A0C91BC942}") = "01_HelloWindow", "VGP242\01_HelloWindow\01_HelloWindow.vcxproj", "{A379935B-0571-47F6-8A58-9CED9CA7DD6A}"
EndProject
Project("{8BC9CEB8-8B4A-11D0-8D11-00A0C91BC942}") = "OmegaEngine", "Engine\OmegaEngine\OmegaEngine.vcxproj", "{86DACDCB-61EC-4518-9478-17FCB7F17DA8}"
EndProject
Global
	GlobalSection(SolutionConfigurationPlatforms) = preSolution
		Debug|x64 = Debug|x64
		Debug|x86 = Debug|x86
		Release|x64 = Release|x64
		Release|x86 = Release|x86
	EndGlobalSection
	GlobalSection(ProjectConfigurationPlatforms) = postSolution
		{D7549F93-D326-4044-A266-885184E97198}.Debug|x64.ActiveCfg = Debug|x64
		{D7549F93-D326-4044-A266-885184E97198}.Debug|x64.Build.0 = Debug|x64
		{D7549F93-D326-4044-A266-885184E97198}.Debug|x86.ActiveCfg = Debug|Win32
		{D7549F93-D326-4044-A266-885184E97198}.Debug|x86.Build.0 = Debug|Win32
		{D7549F93-D326-4044-A266-885184E97198}.Release|x64.ActiveCfg = Release|x64
		{D7549F93-D326-4044-A266-885184E97198}.Release|x64.Build.0 = Release|x64
		{D7549F93-D326-4044-A266-885184E97198}.Release|x86.ActiveCfg = Release|Win32
		{D7549F93-D326-4044-A266-885184E97198}.Release|x86.Build.0 = Release|Win32
		{98C6EECD-ED38-49BA-879D-00B960D5985D}.Debug|x64.ActiveCfg = Debug|x64
		{98C6EECD-ED38-49BA-879D-00B960D5985D}.Debug|x64.Build.0 = Debug|x64
		{98C6EECD-ED38-49BA-879D-00B960D5985D}.Debug|x86.ActiveCfg = Debug|Win32
		{98C6EECD-ED38-49BA-879D-00B960D5985D}.Debug|x86.Build.0 = Debug|Win32
		{98C6EECD-ED38-49BA-879D-00B960D5985D}.Release|x64.ActiveCfg = Release|x64
		{98C6EECD-ED38-49BA-879D-00B960D5985D}.Release|x64.Build.0 = Release|x64
		{98C6EECD-ED38-49BA-879D-00B960D5985D}.Release|x86.ActiveCfg = Release|Win32
		{98C6EECD-ED38-49BA-879D-00B960D5985D}.Release|x86.Build.0 = Release|Win32
		{48F9D4D1-6AA2-4D34-B432-5497CF24E28C}.Debug|x64.ActiveCfg = Debug|x64
		{48F9D4D1-6AA2-4D34-B432-5497CF24E28C}.Debug|x64.Build.0 = Debug|x64
		{48F9D4D1-6AA2-4D34-B432-5497CF24E28C}.Debug|x86.ActiveCfg = Debug|Win32
		{48F9D4D1-6AA2-4D34-B432-5497CF24E28C}.Debug|x86.Build.0 = Debug|Win32
		{48F9D4D1-6AA2-4D34-B432-5497CF24E28C}.Release|x64.ActiveCfg = Release|x64
		{48F9D4D1-6AA2-4D34-B432-5497CF24E28C}.Release|x64.Build.0 = Release|x64
		{48F9D4D1-6AA2-4D34-B432-5497CF24E28C}.Release|x86.ActiveCfg = Release|Win32
		{48F9D4D1-6AA2-4D34-B432-5497CF24E28C}.Release|x86.Build.0 = Release|Win32
		{A379935B-0571-47F6-8A58-9CED9CA7DD6A}.Debug|x64.ActiveCfg = Debug|x64
		{A379935B-0571-47F6-8A58-9CED9CA7DD6A}.Debug|x64.Build.0 = Debug|x64
		{A379935B-0571-47F6-8A58-9CED9CA7DD6A}.Debug|x86.ActiveCfg = Debug|Win32
		{A379935B-0571-47F6-8A58-9CED9CA7DD6A}.Debug|x86.Build.0 = Debug|Win32
		{A379935B-0571-47F6-8A58-9CED9CA7DD6A}.Release|x64.ActiveCfg = Release|x64
		{A379935B-0571-47F6-8A58-9CED9CA7DD6A}.Release|x64.Build.0 = Release|x64
		{A379935B-0571-47F6-8A58-9CED9CA7DD6A}.Release|x86.ActiveCfg = Release|Win32
		{A379935B-0571-47F6-8A58-9CED9CA7DD6A}.Release|x86.Build.0 = Release|Win32
		{86DACDCB-61EC-4518-9478-17FCB7F17DA8}.Debug|x64.ActiveCfg = Debug|x64
		{86DACDCB-61EC-4518-9478-17FCB7F17DA8}.Debug|x64.Build.0 = Debug|x64
		{86DACDCB-61EC-4518-9478-17FCB7F17DA8}.Debug|x86.ActiveCfg = Debug|Win32
		{86DACDCB-61EC-4518-9478-17FCB7F17DA8}.Debug|x86.Build.0 = Debug|Win32
		{86DACDCB-61EC-4518-9478-17FCB7F17DA8}.Release|x64.ActiveCfg = Release|x64
		{86DACDCB-61EC-4518-9478-17FCB7F17DA8}.Release|x64.Build.0 = Release|x64
		{86DACDCB-61EC-4518-9478-17FCB7F17DA8}.Release|x86.ActiveCfg = Release|Win32
		{86DACDCB-61EC-4518-9478-17FCB7F17DA8}.Release|x86.Build.0 = Release|Win32
	EndGlobalSection
	GlobalSection(SolutionProperties) = preSolution
		HideSolutionNode = FALSE
	EndGlobalSection
	GlobalSection(NestedProjects) = preSolution
		{D7549F93-D326-4044-A266-885184E97198} = {3834B0F1-0103-4F14-BF07-274B2F6630E6}
		{98C6EECD-ED38-49BA-879D-00B960D5985D} = {3834B0F1-0103-4F14-BF07-274B2F6630E6}
		{48F9D4D1-6AA2-4D34-B432-5497CF24E28C} = {ED9244DE-9652-4673-AFB8-CBA94AAC0AE3}
		{A379935B-0571-47F6-8A58-9CED9CA7DD6A} = {E86A631D-0371-4FD8-BEC7-5ECE7E455D40}
		{86DACDCB-61EC-4518-9478-17FCB7F17DA8} = {74E989C9-9B83-49E6-85E2-32D8DB7311C6}
	EndGlobalSection
	GlobalSection(ExtensibilityGlobals) = postSolution
		SolutionGuid = {38C2384C-B47D-4FAC-8347-46C3A4049A14}
	EndGlobalSection
EndGlobal
