
Microsoft Visual Studio Solution File, Format Version 12.00
# Visual Studio Version 16
VisualStudioVersion = 16.0.29613.14
MinimumVisualStudioVersion = 10.0.40219.1
Project("{2150E333-8FDC-42A3-9474-1A3956D46DE8}") = "UnitTests", "UnitTests", "{ED9244DE-9652-4673-AFB8-CBA94AAC0AE3}"
EndProject
Project("{2150E333-8FDC-42A3-9474-1A3956D46DE8}") = "VGP242", "VGP242", "{E86A631D-0371-4FD8-BEC7-5ECE7E455D40}"
EndProject
Project("{2150E333-8FDC-42A3-9474-1A3956D46DE8}") = "Framework", "Framework", "{3834B0F1-0103-4F14-BF07-274B2F6630E6}"
EndProject
Project("{2150E333-8FDC-42A3-9474-1A3956D46DE8}") = "Engine", "Engine", "{74E989C9-9B83-49E6-85E2-32D8DB7311C6}"
EndProject
Project("{8BC9CEB8-8B4A-11D0-8D11-00A0C91BC942}") = "Core", "Framework\Core\Core.vcxproj", "{D7549F93-D326-4044-A266-885184E97198}"
EndProject
Project("{8BC9CEB8-8B4A-11D0-8D11-00A0C91BC942}") = "Math", "Framework\Math\Math.vcxproj", "{98C6EECD-ED38-49BA-879D-00B960D5985D}"
EndProject
Project("{8BC9CEB8-8B4A-11D0-8D11-00A0C91BC942}") = "MathTest", "UnitTests\MathTest\MathTest.vcxproj", "{48F9D4D1-6AA2-4D34-B432-5497CF24E28C}"
EndProject
Project("{8BC9CEB8-8B4A-11D0-8D11-00A0C91BC942}") = "01_HelloWindow", "VGP242\01_HelloWindow\01_HelloWindow.vcxproj", "{A379935B-0571-47F6-8A58-9CED9CA7DD6A}"
EndProject
Project("{8BC9CEB8-8B4A-11D0-8D11-00A0C91BC942}") = "OmegaEngine", "Engine\OmegaEngine\OmegaEngine.vcxproj", "{86DACDCB-61EC-4518-9478-17FCB7F17DA8}"
EndProject
Project("{2150E333-8FDC-42A3-9474-1A3956D46DE8}") = "External", "External", "{364FA014-9776-4777-B4DE-4244082FA9BF}"
EndProject
Project("{8BC9CEB8-8B4A-11D0-8D11-00A0C91BC942}") = "Graphics", "Framework\Graphics\Graphics.vcxproj", "{06E6ABDE-CF57-4616-A611-454834E8C04A}"
EndProject
Project("{8BC9CEB8-8B4A-11D0-8D11-00A0C91BC942}") = "Input", "Framework\Input\Input.vcxproj", "{02DC0CE5-72DF-4F89-8AF2-FF9C0E351A1A}"
EndProject
Project("{8BC9CEB8-8B4A-11D0-8D11-00A0C91BC942}") = "DirectXTK_Desktop_2017", "External\DirectXTK\DirectXTK_Desktop_2017.vcxproj", "{E0B52AE7-E160-4D32-BF3F-910B785E5A8E}"
EndProject
Project("{8BC9CEB8-8B4A-11D0-8D11-00A0C91BC942}") = "02_HelloDirectX", "VGP242\02_HelloDirectX\02_HelloDirectX.vcxproj", "{1AD186FC-A0F1-4C5F-980C-DD9E6DEC2A96}"
EndProject
Project("{8BC9CEB8-8B4A-11D0-8D11-00A0C91BC942}") = "03_HelloTriangle", "VGP242\03_HelloTriangle\03_HelloTriangle.vcxproj", "{F92497A4-0332-4F9A-A194-2653B46F5570}"
EndProject
Project("{2150E333-8FDC-42A3-9474-1A3956D46DE8}") = "Assets", "Assets", "{38D4B487-BD46-4940-ACBE-375938789AA7}"
EndProject
Project("{2150E333-8FDC-42A3-9474-1A3956D46DE8}") = "Shaders", "Shaders", "{7B09742D-A0BD-4B0C-9E89-DDD9C2905B66}"
	ProjectSection(SolutionItems) = preProject
		Assets\Shaders\DoNothing.fx = Assets\Shaders\DoNothing.fx
		Assets\Shaders\DoTexturing.fx = Assets\Shaders\DoTexturing.fx
		Assets\Shaders\DoTransform.fx = Assets\Shaders\DoTransform.fx
		Assets\Shaders\SimpleDoNothing.fx = Assets\Shaders\SimpleDoNothing.fx
		Assets\Shaders\SimpleDraw.fx = Assets\Shaders\SimpleDraw.fx
	EndProjectSection
EndProject
Project("{8BC9CEB8-8B4A-11D0-8D11-00A0C91BC942}") = "04_HelloShapes", "VGP242\04_HelloShapes\04_HelloShapes.vcxproj", "{AF564832-3D66-44D4-83C0-63CF09617691}"
EndProject
Project("{8BC9CEB8-8B4A-11D0-8D11-00A0C91BC942}") = "05_HelloCube", "VGP242\05_HelloCube\05_HelloCube.vcxproj", "{3DF60454-F60F-4B40-86BA-D09374A02070}"
EndProject
Project("{8BC9CEB8-8B4A-11D0-8D11-00A0C91BC942}") = "06_HelloTexturing", "VGP242\06_HelloTexturing\06_HelloTexturing.vcxproj", "{55656B71-C0BC-462C-B682-FA52A91EAA81}"
EndProject
Project("{8BC9CEB8-8B4A-11D0-8D11-00A0C91BC942}") = "07_HelloEarth", "VGP242\07_HelloEarth\07_HelloEarth.vcxproj", "{A1084111-8652-49DD-A665-EB479D0753D5}"
EndProject
Project("{8BC9CEB8-8B4A-11D0-8D11-00A0C91BC942}") = "ImGui", "External\ImGui\ImGui.vcxproj", "{C34AB94C-4AB5-42F5-A1EF-C155DEE33801}"
EndProject
Global
	GlobalSection(SolutionConfigurationPlatforms) = preSolution
		Debug|x64 = Debug|x64
		Debug|x86 = Debug|x86
		Release|x64 = Release|x64
		Release|x86 = Release|x86
	EndGlobalSection
	GlobalSection(ProjectConfigurationPlatforms) = postSolution
		{D7549F93-D326-4044-A266-885184E97198}.Debug|x64.ActiveCfg = Debug|x64
		{D7549F93-D326-4044-A266-885184E97198}.Debug|x64.Build.0 = Debug|x64
		{D7549F93-D326-4044-A266-885184E97198}.Debug|x86.ActiveCfg = Debug|Win32
		{D7549F93-D326-4044-A266-885184E97198}.Debug|x86.Build.0 = Debug|Win32
		{D7549F93-D326-4044-A266-885184E97198}.Release|x64.ActiveCfg = Release|x64
		{D7549F93-D326-4044-A266-885184E97198}.Release|x64.Build.0 = Release|x64
		{D7549F93-D326-4044-A266-885184E97198}.Release|x86.ActiveCfg = Release|Win32
		{D7549F93-D326-4044-A266-885184E97198}.Release|x86.Build.0 = Release|Win32
		{98C6EECD-ED38-49BA-879D-00B960D5985D}.Debug|x64.ActiveCfg = Debug|x64
		{98C6EECD-ED38-49BA-879D-00B960D5985D}.Debug|x64.Build.0 = Debug|x64
		{98C6EECD-ED38-49BA-879D-00B960D5985D}.Debug|x86.ActiveCfg = Debug|Win32
		{98C6EECD-ED38-49BA-879D-00B960D5985D}.Debug|x86.Build.0 = Debug|Win32
		{98C6EECD-ED38-49BA-879D-00B960D5985D}.Release|x64.ActiveCfg = Release|x64
		{98C6EECD-ED38-49BA-879D-00B960D5985D}.Release|x64.Build.0 = Release|x64
		{98C6EECD-ED38-49BA-879D-00B960D5985D}.Release|x86.ActiveCfg = Release|Win32
		{98C6EECD-ED38-49BA-879D-00B960D5985D}.Release|x86.Build.0 = Release|Win32
		{48F9D4D1-6AA2-4D34-B432-5497CF24E28C}.Debug|x64.ActiveCfg = Debug|x64
		{48F9D4D1-6AA2-4D34-B432-5497CF24E28C}.Debug|x64.Build.0 = Debug|x64
		{48F9D4D1-6AA2-4D34-B432-5497CF24E28C}.Debug|x86.ActiveCfg = Debug|Win32
		{48F9D4D1-6AA2-4D34-B432-5497CF24E28C}.Debug|x86.Build.0 = Debug|Win32
		{48F9D4D1-6AA2-4D34-B432-5497CF24E28C}.Release|x64.ActiveCfg = Release|x64
		{48F9D4D1-6AA2-4D34-B432-5497CF24E28C}.Release|x64.Build.0 = Release|x64
		{48F9D4D1-6AA2-4D34-B432-5497CF24E28C}.Release|x86.ActiveCfg = Release|Win32
		{48F9D4D1-6AA2-4D34-B432-5497CF24E28C}.Release|x86.Build.0 = Release|Win32
		{A379935B-0571-47F6-8A58-9CED9CA7DD6A}.Debug|x64.ActiveCfg = Debug|x64
		{A379935B-0571-47F6-8A58-9CED9CA7DD6A}.Debug|x64.Build.0 = Debug|x64
		{A379935B-0571-47F6-8A58-9CED9CA7DD6A}.Debug|x86.ActiveCfg = Debug|Win32
		{A379935B-0571-47F6-8A58-9CED9CA7DD6A}.Debug|x86.Build.0 = Debug|Win32
		{A379935B-0571-47F6-8A58-9CED9CA7DD6A}.Release|x64.ActiveCfg = Release|x64
		{A379935B-0571-47F6-8A58-9CED9CA7DD6A}.Release|x64.Build.0 = Release|x64
		{A379935B-0571-47F6-8A58-9CED9CA7DD6A}.Release|x86.ActiveCfg = Release|Win32
		{A379935B-0571-47F6-8A58-9CED9CA7DD6A}.Release|x86.Build.0 = Release|Win32
		{86DACDCB-61EC-4518-9478-17FCB7F17DA8}.Debug|x64.ActiveCfg = Debug|x64
		{86DACDCB-61EC-4518-9478-17FCB7F17DA8}.Debug|x64.Build.0 = Debug|x64
		{86DACDCB-61EC-4518-9478-17FCB7F17DA8}.Debug|x86.ActiveCfg = Debug|Win32
		{86DACDCB-61EC-4518-9478-17FCB7F17DA8}.Debug|x86.Build.0 = Debug|Win32
		{86DACDCB-61EC-4518-9478-17FCB7F17DA8}.Release|x64.ActiveCfg = Release|x64
		{86DACDCB-61EC-4518-9478-17FCB7F17DA8}.Release|x64.Build.0 = Release|x64
		{86DACDCB-61EC-4518-9478-17FCB7F17DA8}.Release|x86.ActiveCfg = Release|Win32
		{86DACDCB-61EC-4518-9478-17FCB7F17DA8}.Release|x86.Build.0 = Release|Win32
		{06E6ABDE-CF57-4616-A611-454834E8C04A}.Debug|x64.ActiveCfg = Debug|x64
		{06E6ABDE-CF57-4616-A611-454834E8C04A}.Debug|x64.Build.0 = Debug|x64
		{06E6ABDE-CF57-4616-A611-454834E8C04A}.Debug|x86.ActiveCfg = Debug|Win32
		{06E6ABDE-CF57-4616-A611-454834E8C04A}.Debug|x86.Build.0 = Debug|Win32
		{06E6ABDE-CF57-4616-A611-454834E8C04A}.Release|x64.ActiveCfg = Release|x64
		{06E6ABDE-CF57-4616-A611-454834E8C04A}.Release|x64.Build.0 = Release|x64
		{06E6ABDE-CF57-4616-A611-454834E8C04A}.Release|x86.ActiveCfg = Release|Win32
		{06E6ABDE-CF57-4616-A611-454834E8C04A}.Release|x86.Build.0 = Release|Win32
		{02DC0CE5-72DF-4F89-8AF2-FF9C0E351A1A}.Debug|x64.ActiveCfg = Debug|x64
		{02DC0CE5-72DF-4F89-8AF2-FF9C0E351A1A}.Debug|x64.Build.0 = Debug|x64
		{02DC0CE5-72DF-4F89-8AF2-FF9C0E351A1A}.Debug|x86.ActiveCfg = Debug|Win32
		{02DC0CE5-72DF-4F89-8AF2-FF9C0E351A1A}.Debug|x86.Build.0 = Debug|Win32
		{02DC0CE5-72DF-4F89-8AF2-FF9C0E351A1A}.Release|x64.ActiveCfg = Release|x64
		{02DC0CE5-72DF-4F89-8AF2-FF9C0E351A1A}.Release|x64.Build.0 = Release|x64
		{02DC0CE5-72DF-4F89-8AF2-FF9C0E351A1A}.Release|x86.ActiveCfg = Release|Win32
		{02DC0CE5-72DF-4F89-8AF2-FF9C0E351A1A}.Release|x86.Build.0 = Release|Win32
		{E0B52AE7-E160-4D32-BF3F-910B785E5A8E}.Debug|x64.ActiveCfg = Debug|x64
		{E0B52AE7-E160-4D32-BF3F-910B785E5A8E}.Debug|x64.Build.0 = Debug|x64
		{E0B52AE7-E160-4D32-BF3F-910B785E5A8E}.Debug|x86.ActiveCfg = Debug|Win32
		{E0B52AE7-E160-4D32-BF3F-910B785E5A8E}.Debug|x86.Build.0 = Debug|Win32
		{E0B52AE7-E160-4D32-BF3F-910B785E5A8E}.Release|x64.ActiveCfg = Release|x64
		{E0B52AE7-E160-4D32-BF3F-910B785E5A8E}.Release|x64.Build.0 = Release|x64
		{E0B52AE7-E160-4D32-BF3F-910B785E5A8E}.Release|x86.ActiveCfg = Release|Win32
		{E0B52AE7-E160-4D32-BF3F-910B785E5A8E}.Release|x86.Build.0 = Release|Win32
		{1AD186FC-A0F1-4C5F-980C-DD9E6DEC2A96}.Debug|x64.ActiveCfg = Debug|x64
		{1AD186FC-A0F1-4C5F-980C-DD9E6DEC2A96}.Debug|x64.Build.0 = Debug|x64
		{1AD186FC-A0F1-4C5F-980C-DD9E6DEC2A96}.Debug|x86.ActiveCfg = Debug|Win32
		{1AD186FC-A0F1-4C5F-980C-DD9E6DEC2A96}.Debug|x86.Build.0 = Debug|Win32
		{1AD186FC-A0F1-4C5F-980C-DD9E6DEC2A96}.Release|x64.ActiveCfg = Release|x64
		{1AD186FC-A0F1-4C5F-980C-DD9E6DEC2A96}.Release|x64.Build.0 = Release|x64
		{1AD186FC-A0F1-4C5F-980C-DD9E6DEC2A96}.Release|x86.ActiveCfg = Release|Win32
		{1AD186FC-A0F1-4C5F-980C-DD9E6DEC2A96}.Release|x86.Build.0 = Release|Win32
		{F92497A4-0332-4F9A-A194-2653B46F5570}.Debug|x64.ActiveCfg = Debug|x64
		{F92497A4-0332-4F9A-A194-2653B46F5570}.Debug|x64.Build.0 = Debug|x64
		{F92497A4-0332-4F9A-A194-2653B46F5570}.Debug|x86.ActiveCfg = Debug|Win32
		{F92497A4-0332-4F9A-A194-2653B46F5570}.Debug|x86.Build.0 = Debug|Win32
		{F92497A4-0332-4F9A-A194-2653B46F5570}.Release|x64.ActiveCfg = Release|x64
		{F92497A4-0332-4F9A-A194-2653B46F5570}.Release|x64.Build.0 = Release|x64
		{F92497A4-0332-4F9A-A194-2653B46F5570}.Release|x86.ActiveCfg = Release|Win32
		{F92497A4-0332-4F9A-A194-2653B46F5570}.Release|x86.Build.0 = Release|Win32
		{AF564832-3D66-44D4-83C0-63CF09617691}.Debug|x64.ActiveCfg = Debug|x64
		{AF564832-3D66-44D4-83C0-63CF09617691}.Debug|x64.Build.0 = Debug|x64
		{AF564832-3D66-44D4-83C0-63CF09617691}.Debug|x86.ActiveCfg = Debug|Win32
		{AF564832-3D66-44D4-83C0-63CF09617691}.Debug|x86.Build.0 = Debug|Win32
		{AF564832-3D66-44D4-83C0-63CF09617691}.Release|x64.ActiveCfg = Release|x64
		{AF564832-3D66-44D4-83C0-63CF09617691}.Release|x64.Build.0 = Release|x64
		{AF564832-3D66-44D4-83C0-63CF09617691}.Release|x86.ActiveCfg = Release|Win32
		{AF564832-3D66-44D4-83C0-63CF09617691}.Release|x86.Build.0 = Release|Win32
		{3DF60454-F60F-4B40-86BA-D09374A02070}.Debug|x64.ActiveCfg = Debug|x64
		{3DF60454-F60F-4B40-86BA-D09374A02070}.Debug|x64.Build.0 = Debug|x64
		{3DF60454-F60F-4B40-86BA-D09374A02070}.Debug|x86.ActiveCfg = Debug|Win32
		{3DF60454-F60F-4B40-86BA-D09374A02070}.Debug|x86.Build.0 = Debug|Win32
		{3DF60454-F60F-4B40-86BA-D09374A02070}.Release|x64.ActiveCfg = Release|x64
		{3DF60454-F60F-4B40-86BA-D09374A02070}.Release|x64.Build.0 = Release|x64
		{3DF60454-F60F-4B40-86BA-D09374A02070}.Release|x86.ActiveCfg = Release|Win32
		{3DF60454-F60F-4B40-86BA-D09374A02070}.Release|x86.Build.0 = Release|Win32
		{55656B71-C0BC-462C-B682-FA52A91EAA81}.Debug|x64.ActiveCfg = Debug|x64
		{55656B71-C0BC-462C-B682-FA52A91EAA81}.Debug|x64.Build.0 = Debug|x64
		{55656B71-C0BC-462C-B682-FA52A91EAA81}.Debug|x86.ActiveCfg = Debug|Win32
		{55656B71-C0BC-462C-B682-FA52A91EAA81}.Debug|x86.Build.0 = Debug|Win32
		{55656B71-C0BC-462C-B682-FA52A91EAA81}.Release|x64.ActiveCfg = Release|x64
		{55656B71-C0BC-462C-B682-FA52A91EAA81}.Release|x64.Build.0 = Release|x64
		{55656B71-C0BC-462C-B682-FA52A91EAA81}.Release|x86.ActiveCfg = Release|Win32
		{55656B71-C0BC-462C-B682-FA52A91EAA81}.Release|x86.Build.0 = Release|Win32
		{A1084111-8652-49DD-A665-EB479D0753D5}.Debug|x64.ActiveCfg = Debug|x64
		{A1084111-8652-49DD-A665-EB479D0753D5}.Debug|x64.Build.0 = Debug|x64
		{A1084111-8652-49DD-A665-EB479D0753D5}.Debug|x86.ActiveCfg = Debug|Win32
		{A1084111-8652-49DD-A665-EB479D0753D5}.Debug|x86.Build.0 = Debug|Win32
		{A1084111-8652-49DD-A665-EB479D0753D5}.Release|x64.ActiveCfg = Release|x64
		{A1084111-8652-49DD-A665-EB479D0753D5}.Release|x64.Build.0 = Release|x64
		{A1084111-8652-49DD-A665-EB479D0753D5}.Release|x86.ActiveCfg = Release|Win32
		{A1084111-8652-49DD-A665-EB479D0753D5}.Release|x86.Build.0 = Release|Win32
		{C34AB94C-4AB5-42F5-A1EF-C155DEE33801}.Debug|x64.ActiveCfg = Debug|x64
		{C34AB94C-4AB5-42F5-A1EF-C155DEE33801}.Debug|x64.Build.0 = Debug|x64
		{C34AB94C-4AB5-42F5-A1EF-C155DEE33801}.Debug|x86.ActiveCfg = Debug|Win32
		{C34AB94C-4AB5-42F5-A1EF-C155DEE33801}.Debug|x86.Build.0 = Debug|Win32
		{C34AB94C-4AB5-42F5-A1EF-C155DEE33801}.Release|x64.ActiveCfg = Release|x64
		{C34AB94C-4AB5-42F5-A1EF-C155DEE33801}.Release|x64.Build.0 = Release|x64
		{C34AB94C-4AB5-42F5-A1EF-C155DEE33801}.Release|x86.ActiveCfg = Release|Win32
		{C34AB94C-4AB5-42F5-A1EF-C155DEE33801}.Release|x86.Build.0 = Release|Win32
	EndGlobalSection
	GlobalSection(SolutionProperties) = preSolution
		HideSolutionNode = FALSE
	EndGlobalSection
	GlobalSection(NestedProjects) = preSolution
		{D7549F93-D326-4044-A266-885184E97198} = {3834B0F1-0103-4F14-BF07-274B2F6630E6}
		{98C6EECD-ED38-49BA-879D-00B960D5985D} = {3834B0F1-0103-4F14-BF07-274B2F6630E6}
		{48F9D4D1-6AA2-4D34-B432-5497CF24E28C} = {ED9244DE-9652-4673-AFB8-CBA94AAC0AE3}
		{A379935B-0571-47F6-8A58-9CED9CA7DD6A} = {E86A631D-0371-4FD8-BEC7-5ECE7E455D40}
		{86DACDCB-61EC-4518-9478-17FCB7F17DA8} = {74E989C9-9B83-49E6-85E2-32D8DB7311C6}
		{06E6ABDE-CF57-4616-A611-454834E8C04A} = {3834B0F1-0103-4F14-BF07-274B2F6630E6}
		{02DC0CE5-72DF-4F89-8AF2-FF9C0E351A1A} = {3834B0F1-0103-4F14-BF07-274B2F6630E6}
		{E0B52AE7-E160-4D32-BF3F-910B785E5A8E} = {364FA014-9776-4777-B4DE-4244082FA9BF}
		{1AD186FC-A0F1-4C5F-980C-DD9E6DEC2A96} = {E86A631D-0371-4FD8-BEC7-5ECE7E455D40}
		{F92497A4-0332-4F9A-A194-2653B46F5570} = {E86A631D-0371-4FD8-BEC7-5ECE7E455D40}
		{7B09742D-A0BD-4B0C-9E89-DDD9C2905B66} = {38D4B487-BD46-4940-ACBE-375938789AA7}
		{AF564832-3D66-44D4-83C0-63CF09617691} = {E86A631D-0371-4FD8-BEC7-5ECE7E455D40}
		{3DF60454-F60F-4B40-86BA-D09374A02070} = {E86A631D-0371-4FD8-BEC7-5ECE7E455D40}
		{55656B71-C0BC-462C-B682-FA52A91EAA81} = {E86A631D-0371-4FD8-BEC7-5ECE7E455D40}
		{A1084111-8652-49DD-A665-EB479D0753D5} = {E86A631D-0371-4FD8-BEC7-5ECE7E455D40}
		{C34AB94C-4AB5-42F5-A1EF-C155DEE33801} = {364FA014-9776-4777-B4DE-4244082FA9BF}
	EndGlobalSection
	GlobalSection(ExtensibilityGlobals) = postSolution
		SolutionGuid = {38C2384C-B47D-4FAC-8347-46C3A4049A14}
	EndGlobalSection
EndGlobal
