<?xml version="1.0" encoding="utf-8"?>
<Project ToolsVersion="4.0" xmlns="http://schemas.microsoft.com/developer/msbuild/2003">
  <ItemGroup>
    <Filter Include="Inc">
      <UniqueIdentifier>{b591a9eb-4f5e-442b-8c7b-fccc1da21922}</UniqueIdentifier>
    </Filter>
    <Filter Include="Src">
      <UniqueIdentifier>{0d5679dc-9141-4102-83db-3d3ca083fabf}</UniqueIdentifier>
    </Filter>
    <Filter Include="Inc\App">
      <UniqueIdentifier>{e14a080c-e73a-434d-87c1-e7f0fd4aa3c6}</UniqueIdentifier>
    </Filter>
    <Filter Include="Inc\Terrain">
      <UniqueIdentifier>{9fff69af-1013-46f2-8795-31955122bb7c}</UniqueIdentifier>
    </Filter>
    <Filter Include="Src\App">
      <UniqueIdentifier>{7fef8c89-a55e-4cce-b631-22e06988b001}</UniqueIdentifier>
    </Filter>
    <Filter Include="Src\Pch">
      <UniqueIdentifier>{2e9fb9cc-c696-47aa-a672-8a44dc9a6874}</UniqueIdentifier>
    </Filter>
    <Filter Include="Src\Terrain">
      <UniqueIdentifier>{552b4e4a-930f-40e4-b51d-547d5e37d7a6}</UniqueIdentifier>
    </Filter>
    <Filter Include="Inc\World">
      <UniqueIdentifier>{5d8d7a18-aa7e-439f-a5f0-0eea40a53b89}</UniqueIdentifier>
    </Filter>
    <Filter Include="Src\World">
      <UniqueIdentifier>{6f5b1223-3e1a-4489-a120-63fcd3927db5}</UniqueIdentifier>
    </Filter>
    <Filter Include="Inc\Component">
      <UniqueIdentifier>{f8ce3437-8740-4cff-a41e-2fc974875ade}</UniqueIdentifier>
    </Filter>
    <Filter Include="Src\Component">
      <UniqueIdentifier>{2f906539-4274-4a8d-8cbd-613ad0683f40}</UniqueIdentifier>
    </Filter>
    <Filter Include="Src\Meta">
      <UniqueIdentifier>{579972d0-3b7b-429a-8155-8ceb59541a54}</UniqueIdentifier>
    </Filter>
    <Filter Include="Inc\Services">
      <UniqueIdentifier>{74676277-b3f9-445c-88cb-49555ffa11d9}</UniqueIdentifier>
    </Filter>
    <Filter Include="Src\Services">
      <UniqueIdentifier>{2a444074-49bf-4f9e-b3d1-58b15c96d745}</UniqueIdentifier>
    </Filter>
    <Filter Include="Inc\Cloth">
      <UniqueIdentifier>{2410fa84-b21f-4445-9a62-40e82a497320}</UniqueIdentifier>
    </Filter>
    <Filter Include="Src\Cloth">
      <UniqueIdentifier>{08c17f8a-c06b-4f0a-b0d0-c3f97b87217e}</UniqueIdentifier>
    </Filter>
    <Filter Include="Inc\Skydome">
      <UniqueIdentifier>{7b6a09ba-e880-48ac-a10f-5941530ed683}</UniqueIdentifier>
    </Filter>
    <Filter Include="Src\Skydome">
      <UniqueIdentifier>{ac0cb26c-e84e-4d49-8bff-8cdad59254c1}</UniqueIdentifier>
    </Filter>
  </ItemGroup>
  <ItemGroup>
    <ClInclude Include="Inc\Omega.h">
      <Filter>Inc</Filter>
    </ClInclude>
    <ClInclude Include="Inc\Common.h">
      <Filter>Inc</Filter>
    </ClInclude>
    <ClInclude Include="Inc\App.h">
      <Filter>Inc\App</Filter>
    </ClInclude>
    <ClInclude Include="Inc\AppState.h">
      <Filter>Inc\App</Filter>
    </ClInclude>
    <ClInclude Include="Src\Precompiled.h">
      <Filter>Src\Pch</Filter>
    </ClInclude>
    <ClInclude Include="Inc\Terrain.h">
      <Filter>Inc\Terrain</Filter>
    </ClInclude>
    <ClInclude Include="Inc\GameObject.h">
      <Filter>Inc\World</Filter>
    </ClInclude>
    <ClInclude Include="Inc\Component.h">
      <Filter>Inc\World</Filter>
    </ClInclude>
    <ClInclude Include="Inc\GameWorld.h">
      <Filter>Inc\World</Filter>
    </ClInclude>
    <ClInclude Include="Inc\GameObjectFactory.h">
      <Filter>Inc\World</Filter>
    </ClInclude>
    <ClInclude Include="Inc\TransformComponent.h">
      <Filter>Inc\Component</Filter>
    </ClInclude>
    <ClInclude Include="Inc\ColliderComponent.h">
      <Filter>Inc\Component</Filter>
    </ClInclude>
    <ClInclude Include="Inc\Service.h">
      <Filter>Inc\World</Filter>
    </ClInclude>
    <ClInclude Include="Src\MetaRegistration.h">
      <Filter>Src\Meta</Filter>
    </ClInclude>
    <ClInclude Include="Inc\CameraService.h">
      <Filter>Inc\Services</Filter>
    </ClInclude>
    <ClInclude Include="Inc\Cloth.h">
      <Filter>Inc\Cloth</Filter>
    </ClInclude>
    <ClInclude Include="Inc\Skydome.h">
      <Filter>Inc\Skydome</Filter>
    </ClInclude>
    <ClInclude Include="Inc\ObjectPoolService.h">
      <Filter>Inc\Services</Filter>
    </ClInclude>
  </ItemGroup>
  <ItemGroup>
    <ClCompile Include="Src\Omega.cpp">
      <Filter>Src</Filter>
    </ClCompile>
    <ClCompile Include="Src\App.cpp">
      <Filter>Src\App</Filter>
    </ClCompile>
    <ClCompile Include="Src\Precompiled.cpp">
      <Filter>Src\Pch</Filter>
    </ClCompile>
    <ClCompile Include="Src\Terrain.cpp">
      <Filter>Src\Terrain</Filter>
    </ClCompile>
    <ClCompile Include="Src\GameObject.cpp">
      <Filter>Src\World</Filter>
    </ClCompile>
    <ClCompile Include="Src\Component.cpp">
      <Filter>Src\World</Filter>
    </ClCompile>
    <ClCompile Include="Src\GameWorld.cpp">
      <Filter>Src\World</Filter>
    </ClCompile>
    <ClCompile Include="Src\GameObjectFactory.cpp">
      <Filter>Src\World</Filter>
    </ClCompile>
    <ClCompile Include="Src\TransformComponent.cpp">
      <Filter>Src\Component</Filter>
    </ClCompile>
    <ClCompile Include="Src\ColliderComponent.cpp">
      <Filter>Src\Component</Filter>
    </ClCompile>
    <ClCompile Include="Src\Service.cpp">
      <Filter>Src\World</Filter>
    </ClCompile>
    <ClCompile Include="Src\MetaRegistration.cpp">
      <Filter>Src\Meta</Filter>
    </ClCompile>
    <ClCompile Include="Src\CameraService.cpp">
      <Filter>Src\Services</Filter>
    </ClCompile>
    <ClCompile Include="Src\Cloth.cpp">
      <Filter>Src\Cloth</Filter>
    </ClCompile>
    <ClCompile Include="Src\Skydome.cpp">
      <Filter>Src\Skydome</Filter>
    </ClCompile>
  </ItemGroup>
</Project>