<?xml version="1.0" encoding="utf-8"?>
<Project ToolsVersion="4.0" xmlns="http://schemas.microsoft.com/developer/msbuild/2003">
  <ItemGroup>
    <Filter Include="Inc">
      <UniqueIdentifier>{ea206b11-6efb-4917-94ca-bee45ee7b9ad}</UniqueIdentifier>
    </Filter>
    <Filter Include="Src">
      <UniqueIdentifier>{abdf6d07-4ccf-4089-9a6b-c84eab4af994}</UniqueIdentifier>
    </Filter>
    <Filter Include="Inc\LinearAlgebra">
      <UniqueIdentifier>{56f3eb29-fe7f-4b5c-b3a8-7306b4a2ece6}</UniqueIdentifier>
    </Filter>
    <Filter Include="Inc\Utils">
      <UniqueIdentifier>{95cad1aa-7e7d-457d-8751-7fbffd63e4fd}</UniqueIdentifier>
    </Filter>
    <Filter Include="Inc\Geometry">
      <UniqueIdentifier>{df192297-e73c-4cba-9527-c8b6399ff26e}</UniqueIdentifier>
    </Filter>
  </ItemGroup>
  <ItemGroup>
    <ClInclude Include="Inc\Common.h">
      <Filter>Inc</Filter>
    </ClInclude>
    <ClInclude Include="Src\Precompiled.h">
      <Filter>Src</Filter>
    </ClInclude>
    <ClInclude Include="Inc\EngineMath.h">
      <Filter>Inc</Filter>
    </ClInclude>
    <ClInclude Include="Inc\Constants.h">
      <Filter>Inc</Filter>
    </ClInclude>
    <ClInclude Include="Inc\Matrix4.h">
      <Filter>Inc\LinearAlgebra</Filter>
    </ClInclude>
    <ClInclude Include="Inc\PerlinNoise.h">
      <Filter>Inc\LinearAlgebra</Filter>
    </ClInclude>
    <ClInclude Include="Inc\Quaternion.h">
      <Filter>Inc\LinearAlgebra</Filter>
    </ClInclude>
    <ClInclude Include="Inc\Vector2.h">
      <Filter>Inc\LinearAlgebra</Filter>
    </ClInclude>
    <ClInclude Include="Inc\Vector3.h">
      <Filter>Inc\LinearAlgebra</Filter>
    </ClInclude>
    <ClInclude Include="Inc\Vector4.h">
      <Filter>Inc\LinearAlgebra</Filter>
    </ClInclude>
    <ClInclude Include="Inc\Random.h">
      <Filter>Inc\Utils</Filter>
    </ClInclude>
    <ClInclude Include="Inc\Plane.h">
      <Filter>Inc\Geometry</Filter>
    </ClInclude>
  </ItemGroup>
  <ItemGroup>
    <ClCompile Include="Src\Precompiled.cpp">
      <Filter>Src</Filter>
    </ClCompile>
    <ClCompile Include="Src\EngineMath.cpp">
      <Filter>Src</Filter>
    </ClCompile>
    <ClCompile Include="Src\PerlinNoise.cpp">
      <Filter>Src</Filter>
    </ClCompile>
    <ClCompile Include="Src\Random.cpp">
      <Filter>Src</Filter>
    </ClCompile>
  </ItemGroup>
</Project>